{
  "version": 4,
  "terraform_version": "1.12.0",
  "serial": 9,
  "lineage": "e752ea28-6afe-e0af-ca15-0b10b77f7b51",
  "outputs": {},
  "resources": [
    {
      "mode": "managed",
      "type": "aws_amplify_app",
      "name": "telmedkonnect",
      "provider": "provider[\"registry.terraform.io/hashicorp/aws\"]",
      "instances": [
        {
          "schema_version": 0,
          "attributes": {
            "access_token": "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",
            "arn": "arn:aws:amplify:us-east-1:159169122827:apps/dpuhzx4gc3et",
            "auto_branch_creation_config": [],
            "auto_branch_creation_patterns": [],
            "basic_auth_credentials": "",
            "build_spec": "amplify.yml",
            "cache_config": [
              {
                "type": "AMPLIFY_MANAGED_NO_COOKIES"
              }
            ],
            "compute_role_arn": "",
            "custom_headers": "",
            "custom_rule": [
              {
                "condition": "",
                "source": "\u003c/^[^.]+$|\\.(?!(css|gif|ico|jpg|js|png|txt|svg|woff|ttf|map|json)$)([^.]+$)/\u003e",
                "status": "200",
                "target": "/index.html"
              }
            ],
            "default_domain": "dpuhzx4gc3et.amplifyapp.com",
            "description": "",
            "enable_auto_branch_creation": false,
            "enable_basic_auth": false,
            "enable_branch_auto_build": false,
            "enable_branch_auto_deletion": false,
            "environment_variables": {
              "NEXT_PUBLIC_AWS_REGION": "us-east-1",
              "NEXT_PUBLIC_USER_POOL_CLIENT_ID": "miaq82hjt2oqkrqocltr1p2u9",
              "NEXT_PUBLIC_USER_POOL_ID": "us-east-1_vPTLNfCct"
            },
            "iam_service_role_arn": "",
            "id": "dpuhzx4gc3et",
            "name": "telmedkonnect",
            "oauth_token": null,
            "platform": "WEB_COMPUTE",
            "production_branch": [
              {
                "branch_name": "main",
                "last_deploy_time": "2025-05-17T04:30:32Z",
                "status": "FAILED",
                "thumbnail_url": ""
              }
            ],
            "repository": "https://github.com/Tolu-Orina/TelMedKonnect.git",
            "tags": {},
            "tags_all": {}
          },
          "sensitive_attributes": [
            [
              {
                "type": "get_attr",
                "value": "access_token"
              }
            ],
            [
              {
                "type": "get_attr",
                "value": "basic_auth_credentials"
              }
            ],
            [
              {
                "type": "get_attr",
                "value": "oauth_token"
              }
            ]
          ],
          "identity_schema_version": 0,
          "private": "bnVsbA=="
        }
      ]
    },
    {
      "mode": "managed",
      "type": "aws_amplify_branch",
      "name": "main",
      "provider": "provider[\"registry.terraform.io/hashicorp/aws\"]",
      "instances": [
        {
          "schema_version": 0,
          "attributes": {
            "app_id": "dpuhzx4gc3et",
            "arn": "arn:aws:amplify:us-east-1:159169122827:apps/dpuhzx4gc3et/branches/main",
            "associated_resources": [],
            "backend_environment_arn": "",
            "basic_auth_credentials": "",
            "branch_name": "main",
            "custom_domains": [],
            "description": "",
            "destination_branch": "",
            "display_name": "main",
            "enable_auto_build": true,
            "enable_basic_auth": false,
            "enable_notification": false,
            "enable_performance_mode": false,
            "enable_pull_request_preview": false,
            "environment_variables": {},
            "framework": "Next.js - SSR",
            "id": "dpuhzx4gc3et/main",
            "pull_request_environment_name": "",
            "source_branch": "",
            "stage": "PRODUCTION",
            "tags": {},
            "tags_all": {},
            "ttl": "5"
          },
          "sensitive_attributes": [
            [
              {
                "type": "get_attr",
                "value": "basic_auth_credentials"
              }
            ]
          ],
          "identity_schema_version": 0,
          "private": "bnVsbA==",
          "dependencies": [
            "aws_amplify_app.telmedkonnect"
          ]
        }
      ]
    },
    {
      "mode": "managed",
      "type": "aws_amplify_domain_association",
      "name": "telmedkonnect",
      "provider": "provider[\"registry.terraform.io/hashicorp/aws\"]",
      "instances": [
        {
          "schema_version": 0,
          "attributes": {
            "app_id": "dpuhzx4gc3et",
            "arn": "arn:aws:amplify:us-east-1:159169122827:apps/dpuhzx4gc3et/domains/conquerorfoundation.com",
            "certificate_settings": [
              {
                "certificate_verification_dns_record": "_954a9abd064834b832bf5debfb744fdc.conquerorfoundation.com. CNAME _3009c2b8228567a0f1fc197440f6bc0f.djqtsrsxkq.acm-validations.aws.",
                "custom_certificate_arn": "",
                "type": "AMPLIFY_MANAGED"
              }
            ],
            "certificate_verification_dns_record": "_954a9abd064834b832bf5debfb744fdc.conquerorfoundation.com. CNAME _3009c2b8228567a0f1fc197440f6bc0f.djqtsrsxkq.acm-validations.aws.",
            "domain_name": "conquerorfoundation.com",
            "enable_auto_sub_domain": false,
            "id": "dpuhzx4gc3et/conquerorfoundation.com",
            "sub_domain": [
              {
                "branch_name": "main",
                "dns_record": "telmedkonnect CNAME d2g2h03pgsjl2.cloudfront.net",
                "prefix": "telmedkonnect",
                "verified": false
              }
            ],
            "wait_for_verification": false
          },
          "sensitive_attributes": [],
          "identity_schema_version": 0,
          "private": "bnVsbA==",
          "dependencies": [
            "aws_amplify_app.telmedkonnect",
            "aws_amplify_branch.main"
          ]
        }
      ]
    }
  ],
  "check_results": null
}
